
Microsoft Visual Studio Solution File, Format Version 12.00
# Visual Studio Version 17
VisualStudioVersion = 17.7.34031.279
MinimumVisualStudioVersion = 10.0.40219.1
Project("{FAE04EC0-301F-11D3-BF4B-00C04F79EFBC}") = "DnD_App", "DnD_App.csproj", "{7129ADD6-B853-4CCD-A6F6-256710A65C45}"
EndProject
Global
	GlobalSection(SolutionConfigurationPlatforms) = preSolution
		Debug|Any CPU = Debug|Any CPU
		Release|Any CPU = Release|Any CPU
	EndGlobalSection
	GlobalSection(ProjectConfigurationPlatforms) = postSolution
		{7129ADD6-B853-4CCD-A6F6-256710A65C45}.Debug|Any CPU.ActiveCfg = Debug|Any CPU
		{7129ADD6-B853-4CCD-A6F6-256710A65C45}.Debug|Any CPU.Build.0 = Debug|Any CPU
		{7129ADD6-B853-4CCD-A6F6-256710A65C45}.Release|Any CPU.ActiveCfg = Release|Any CPU
		{7129ADD6-B853-4CCD-A6F6-256710A65C45}.Release|Any CPU.Build.0 = Release|Any CPU
	EndGlobalSection
	GlobalSection(SolutionProperties) = preSolution
		HideSolutionNode = FALSE
	EndGlobalSection
	GlobalSection(ExtensibilityGlobals) = postSolution
		SolutionGuid = {7233CCF1-1AF3-4809-915F-7EDCA18009EB}
	EndGlobalSection
EndGlobal
